PODS:
  - ActionKit (2.3.2)
  - FBSnapshotTestCase (2.1.4):
    - FBSnapshotTestCase/SwiftSupport (= 2.1.4)
  - FBSnapshotTestCase/Core (2.1.4)
  - FBSnapshotTestCase/SwiftSupport (2.1.4):
    - FBSnapshotTestCase/Core
  - FlaneurImagePicker (0.5.0):
    - ActionKit (~> 2.1)
    - IGListKit (~> 3.0)
    - Kingfisher (~> 4.0)
  - FlaneurOpen (0.8.0-beta):
    - FlaneurImagePicker (~> 0.4)
    - IGListKit (~> 3.0)
    - Kingfisher (~> 4.0)
  - GoogleMaps (2.5.0):
    - GoogleMaps/Maps (= 2.5.0)
  - GoogleMaps/Base (2.5.0)
  - GoogleMaps/Maps (2.5.0):
    - GoogleMaps/Base
  - GooglePlacePicker (2.5.0):
    - GoogleMaps (= 2.5.0)
    - GooglePlaces (= 2.5.0)
  - GooglePlaces (2.5.0):
    - GoogleMaps/Base (= 2.5.0)
  - IGListKit (3.1.1):
    - IGListKit/Default (= 3.1.1)
  - IGListKit/Default (3.1.1):
    - IGListKit/Diffing
  - IGListKit/Diffing (3.1.1)
  - Kingfisher (4.6.1)
  - Nimble (7.0.3)
  - Nimble-Snapshots (6.3.0):
    - Nimble-Snapshots/Core (= 6.3.0)
  - Nimble-Snapshots/Core (6.3.0):
    - FBSnapshotTestCase (~> 2.0)
    - Nimble (~> 7.0)
  - Quick (1.2.0)

DEPENDENCIES:
  - FBSnapshotTestCase
  - FlaneurImagePicker
  - FlaneurOpen (from `../`)
  - GoogleMaps
  - GooglePlacePicker
  - GooglePlaces
  - Nimble (~> 7.0.0)
  - Nimble-Snapshots
  - Quick (~> 1.2.0)

EXTERNAL SOURCES:
  FlaneurOpen:
    :path: ../

SPEC CHECKSUMS:
  ActionKit: cf7ca5781f4a43342384d872105fadd58985f416
  FBSnapshotTestCase: 094f9f314decbabe373b87cc339bea235a63e07a
  FlaneurImagePicker: 367d42347c389d23ffc9802c7112b8235c6862bc
  FlaneurOpen: a4613dafe75ae61be8efcfe415cfedc73b5d51d4
  GoogleMaps: c087b8e5dfe87ca6ebf59adb9b4894a4146bec4f
  GooglePlacePicker: 1573e644ab54564d95c2643edc0f29091609e966
  GooglePlaces: dd70d9d71ea1c7944846afe67de3712c99b30a77
  IGListKit: cb97f405ae43e59fe1da74271e19427ec20d3c07
  Kingfisher: 1f9157d9c02b380cbd0b7cc890161195164eb634
  Nimble: 7f5a9c447a33002645a071bddafbfb24ea70e0ac
  Nimble-Snapshots: f5459b5b091678dc942d03ec4741cacb58ba4a52
  Quick: 58d203b1c5e27fff7229c4c1ae445ad7069a7a08

PODFILE CHECKSUM: 1e054500f65b5a8447aed742c145ab14066fefe0

COCOAPODS: 1.4.0
